// !$*UTF8*$!
{
	archiveVersion = 1;
	classes = {
	};
	objectVersion = 50;
	objects = {

/* Begin PBXBuildFile section */
		EA51BC50208EAFDE00EA8195 /* LaunchScreen.storyboard in Resources */ = {isa = PBXBuildFile; fileRef = EA51BC4E208EAFDE00EA8195 /* LaunchScreen.storyboard */; };
		EA51BC5A208EB03500EA8195 /* Assets.xcassets in Resources */ = {isa = PBXBuildFile; fileRef = EA51BC59208EB03500EA8195 /* Assets.xcassets */; };
		EA51BC5F208EB07400EA8195 /* UIViewController+CoreData.swift in Sources */ = {isa = PBXBuildFile; fileRef = EA51BC5E208EB07400EA8195 /* UIViewController+CoreData.swift */; };
		EA51BC61208EB08500EA8195 /* Main.storyboard in Resources */ = {isa = PBXBuildFile; fileRef = EA51BC60208EB08500EA8195 /* Main.storyboard */; };
		EA51BC6A208EB09E00EA8195 /* ValuesViewController.swift in Sources */ = {isa = PBXBuildFile; fileRef = EA51BC63208EB09E00EA8195 /* ValuesViewController.swift */; };
		EA51BC6B208EB09E00EA8195 /* StatesTableViewCell.swift in Sources */ = {isa = PBXBuildFile; fileRef = EA51BC64208EB09E00EA8195 /* StatesTableViewCell.swift */; };
		EA51BC6C208EB09F00EA8195 /* ProductViewController.swift in Sources */ = {isa = PBXBuildFile; fileRef = EA51BC65208EB09E00EA8195 /* ProductViewController.swift */; };
		EA51BC6D208EB09F00EA8195 /* PurchasesTableViewController.swift in Sources */ = {isa = PBXBuildFile; fileRef = EA51BC66208EB09E00EA8195 /* PurchasesTableViewController.swift */; };
		EA51BC6E208EB09F00EA8195 /* ProductsTableViewCell.swift in Sources */ = {isa = PBXBuildFile; fileRef = EA51BC67208EB09E00EA8195 /* ProductsTableViewCell.swift */; };
		EA51BC6F208EB09F00EA8195 /* SettingsViewController.swift in Sources */ = {isa = PBXBuildFile; fileRef = EA51BC68208EB09E00EA8195 /* SettingsViewController.swift */; };
		EA51BC72208EB13200EA8195 /* ComprasUSA.xcdatamodeld in Sources */ = {isa = PBXBuildFile; fileRef = EA51BC70208EB13200EA8195 /* ComprasUSA.xcdatamodeld */; };
		EA51BC74208EB55F00EA8195 /* Settings.bundle in Resources */ = {isa = PBXBuildFile; fileRef = EA51BC73208EB55F00EA8195 /* Settings.bundle */; };
		EA51BC76208EB57900EA8195 /* AppDelegate.swift in Sources */ = {isa = PBXBuildFile; fileRef = EA51BC75208EB57800EA8195 /* AppDelegate.swift */; };
		EA6103712097802F00A7240D /* Calculator.swift in Sources */ = {isa = PBXBuildFile; fileRef = EA6103702097802F00A7240D /* Calculator.swift */; };
/* End PBXBuildFile section */

/* Begin PBXFileReference section */
		EA51BC42208EAFDD00EA8195 /* LuisLopes_LeandroSilva.app */ = {isa = PBXFileReference; explicitFileType = wrapper.application; includeInIndex = 0; path = LuisLopes_LeandroSilva.app; sourceTree = BUILT_PRODUCTS_DIR; };
		EA51BC4F208EAFDE00EA8195 /* Base */ = {isa = PBXFileReference; lastKnownFileType = file.storyboard; name = Base; path = Base.lproj/LaunchScreen.storyboard; sourceTree = "<group>"; };
		EA51BC51208EAFDE00EA8195 /* Info.plist */ = {isa = PBXFileReference; lastKnownFileType = text.plist.xml; path = Info.plist; sourceTree = "<group>"; };
		EA51BC59208EB03500EA8195 /* Assets.xcassets */ = {isa = PBXFileReference; lastKnownFileType = folder.assetcatalog; path = Assets.xcassets; sourceTree = "<group>"; };
		EA51BC5E208EB07400EA8195 /* UIViewController+CoreData.swift */ = {isa = PBXFileReference; fileEncoding = 4; lastKnownFileType = sourcecode.swift; path = "UIViewController+CoreData.swift"; sourceTree = "<group>"; };
		EA51BC60208EB08500EA8195 /* Main.storyboard */ = {isa = PBXFileReference; fileEncoding = 4; lastKnownFileType = file.storyboard; path = Main.storyboard; sourceTree = "<group>"; };
		EA51BC63208EB09E00EA8195 /* ValuesViewController.swift */ = {isa = PBXFileReference; fileEncoding = 4; lastKnownFileType = sourcecode.swift; path = ValuesViewController.swift; sourceTree = "<group>"; };
		EA51BC64208EB09E00EA8195 /* StatesTableViewCell.swift */ = {isa = PBXFileReference; fileEncoding = 4; lastKnownFileType = sourcecode.swift; path = StatesTableViewCell.swift; sourceTree = "<group>"; };
		EA51BC65208EB09E00EA8195 /* ProductViewController.swift */ = {isa = PBXFileReference; fileEncoding = 4; lastKnownFileType = sourcecode.swift; path = ProductViewController.swift; sourceTree = "<group>"; };
		EA51BC66208EB09E00EA8195 /* PurchasesTableViewController.swift */ = {isa = PBXFileReference; fileEncoding = 4; lastKnownFileType = sourcecode.swift; path = PurchasesTableViewController.swift; sourceTree = "<group>"; };
		EA51BC67208EB09E00EA8195 /* ProductsTableViewCell.swift */ = {isa = PBXFileReference; fileEncoding = 4; lastKnownFileType = sourcecode.swift; path = ProductsTableViewCell.swift; sourceTree = "<group>"; };
		EA51BC68208EB09E00EA8195 /* SettingsViewController.swift */ = {isa = PBXFileReference; fileEncoding = 4; lastKnownFileType = sourcecode.swift; path = SettingsViewController.swift; sourceTree = "<group>"; };
		EA51BC71208EB13200EA8195 /* ComprasUSA.xcdatamodel */ = {isa = PBXFileReference; lastKnownFileType = wrapper.xcdatamodel; path = ComprasUSA.xcdatamodel; sourceTree = "<group>"; };
		EA51BC73208EB55F00EA8195 /* Settings.bundle */ = {isa = PBXFileReference; lastKnownFileType = "wrapper.plug-in"; path = Settings.bundle; sourceTree = "<group>"; };
		EA51BC75208EB57800EA8195 /* AppDelegate.swift */ = {isa = PBXFileReference; lastKnownFileType = sourcecode.swift; path = AppDelegate.swift; sourceTree = "<group>"; };
		EA6103702097802F00A7240D /* Calculator.swift */ = {isa = PBXFileReference; lastKnownFileType = sourcecode.swift; path = Calculator.swift; sourceTree = "<group>"; };
/* End PBXFileReference section */

/* Begin PBXFrameworksBuildPhase section */
		EA51BC3F208EAFDD00EA8195 /* Frameworks */ = {
			isa = PBXFrameworksBuildPhase;
			buildActionMask = 2147483647;
			files = (
			);
			runOnlyForDeploymentPostprocessing = 0;
		};
/* End PBXFrameworksBuildPhase section */

/* Begin PBXGroup section */
		EA51BC39208EAFDD00EA8195 = {
			isa = PBXGroup;
			children = (
				EA51BC44208EAFDD00EA8195 /* LuisLopes_LeandroSilva */,
				EA51BC43208EAFDD00EA8195 /* Products */,
			);
			sourceTree = "<group>";
		};
		EA51BC43208EAFDD00EA8195 /* Products */ = {
			isa = PBXGroup;
			children = (
				EA51BC42208EAFDD00EA8195 /* LuisLopes_LeandroSilva.app */,
			);
			name = Products;
			sourceTree = "<group>";
		};
		EA51BC44208EAFDD00EA8195 /* LuisLopes_LeandroSilva */ = {
			isa = PBXGroup;
			children = (
				EA51BC75208EB57800EA8195 /* AppDelegate.swift */,
				EA51BC5D208EB06200EA8195 /* Extensions */,
				EA51BC67208EB09E00EA8195 /* ProductsTableViewCell.swift */,
				EA51BC65208EB09E00EA8195 /* ProductViewController.swift */,
				EA51BC70208EB13200EA8195 /* ComprasUSA.xcdatamodeld */,
				EA51BC66208EB09E00EA8195 /* PurchasesTableViewController.swift */,
				EA51BC68208EB09E00EA8195 /* SettingsViewController.swift */,
				EA51BC64208EB09E00EA8195 /* StatesTableViewCell.swift */,
				EA51BC63208EB09E00EA8195 /* ValuesViewController.swift */,
				EA6103702097802F00A7240D /* Calculator.swift */,
				EA51BC73208EB55F00EA8195 /* Settings.bundle */,
				EA51BC60208EB08500EA8195 /* Main.storyboard */,
				EA51BC59208EB03500EA8195 /* Assets.xcassets */,
				EA51BC4E208EAFDE00EA8195 /* LaunchScreen.storyboard */,
				EA51BC51208EAFDE00EA8195 /* Info.plist */,
			);
			path = LuisLopes_LeandroSilva;
			sourceTree = "<group>";
		};
		EA51BC5D208EB06200EA8195 /* Extensions */ = {
			isa = PBXGroup;
			children = (
				EA51BC5E208EB07400EA8195 /* UIViewController+CoreData.swift */,
			);
			path = Extensions;
			sourceTree = "<group>";
		};
/* End PBXGroup section */

/* Begin PBXNativeTarget section */
		EA51BC41208EAFDD00EA8195 /* LuisLopes_LeandroSilva */ = {
			isa = PBXNativeTarget;
			buildConfigurationList = EA51BC54208EAFDE00EA8195 /* Build configuration list for PBXNativeTarget "LuisLopes_LeandroSilva" */;
			buildPhases = (
				EA51BC3E208EAFDD00EA8195 /* Sources */,
				EA51BC3F208EAFDD00EA8195 /* Frameworks */,
				EA51BC40208EAFDD00EA8195 /* Resources */,
			);
			buildRules = (
			);
			dependencies = (
			);
			name = LuisLopes_LeandroSilva;
			productName = LuisLopes_LeandroSilva;
			productReference = EA51BC42208EAFDD00EA8195 /* LuisLopes_LeandroSilva.app */;
			productType = "com.apple.product-type.application";
		};
/* End PBXNativeTarget section */

/* Begin PBXProject section */
		EA51BC3A208EAFDD00EA8195 /* Project object */ = {
			isa = PBXProject;
			attributes = {
				LastSwiftUpdateCheck = 0930;
				LastUpgradeCheck = 0930;
				ORGANIZATIONNAME = lravanelli;
				TargetAttributes = {
					EA51BC41208EAFDD00EA8195 = {
						CreatedOnToolsVersion = 9.3;
						LastSwiftMigration = 0930;
					};
				};
			};
			buildConfigurationList = EA51BC3D208EAFDD00EA8195 /* Build configuration list for PBXProject "LuisLopes_LeandroSilva" */;
			compatibilityVersion = "Xcode 9.3";
			developmentRegion = en;
			hasScannedForEncodings = 0;
			knownRegions = (
				en,
				Base,
			);
			mainGroup = EA51BC39208EAFDD00EA8195;
			productRefGroup = EA51BC43208EAFDD00EA8195 /* Products */;
			projectDirPath = "";
			projectRoot = "";
			targets = (
				EA51BC41208EAFDD00EA8195 /* LuisLopes_LeandroSilva */,
			);
		};
/* End PBXProject section */

/* Begin PBXResourcesBuildPhase section */
		EA51BC40208EAFDD00EA8195 /* Resources */ = {
			isa = PBXResourcesBuildPhase;
			buildActionMask = 2147483647;
			files = (
				EA51BC74208EB55F00EA8195 /* Settings.bundle in Resources */,
				EA51BC61208EB08500EA8195 /* Main.storyboard in Resources */,
				EA51BC5A208EB03500EA8195 /* Assets.xcassets in Resources */,
				EA51BC50208EAFDE00EA8195 /* LaunchScreen.storyboard in Resources */,
			);
			runOnlyForDeploymentPostprocessing = 0;
		};
/* End PBXResourcesBuildPhase section */

/* Begin PBXSourcesBuildPhase section */
		EA51BC3E208EAFDD00EA8195 /* Sources */ = {
			isa = PBXSourcesBuildPhase;
			buildActionMask = 2147483647;
			files = (
				EA51BC72208EB13200EA8195 /* ComprasUSA.xcdatamodeld in Sources */,
				EA51BC5F208EB07400EA8195 /* UIViewController+CoreData.swift in Sources */,
				EA51BC6E208EB09F00EA8195 /* ProductsTableViewCell.swift in Sources */,
				EA6103712097802F00A7240D /* Calculator.swift in Sources */,
				EA51BC76208EB57900EA8195 /* AppDelegate.swift in Sources */,
				EA51BC6D208EB09F00EA8195 /* PurchasesTableViewController.swift in Sources */,
				EA51BC6A208EB09E00EA8195 /* ValuesViewController.swift in Sources */,
				EA51BC6C208EB09F00EA8195 /* ProductViewController.swift in Sources */,
				EA51BC6B208EB09E00EA8195 /* StatesTableViewCell.swift in Sources */,
				EA51BC6F208EB09F00EA8195 /* SettingsViewController.swift in Sources */,
			);
			runOnlyForDeploymentPostprocessing = 0;
		};
/* End PBXSourcesBuildPhase section */

/* Begin PBXVariantGroup section */
		EA51BC4E208EAFDE00EA8195 /* LaunchScreen.storyboard */ = {
			isa = PBXVariantGroup;
			children = (
				EA51BC4F208EAFDE00EA8195 /* Base */,
			);
			name = LaunchScreen.storyboard;
			sourceTree = "<group>";
		};
/* End PBXVariantGroup section */

/* Begin XCBuildConfiguration section */
		EA51BC52208EAFDE00EA8195 /* Debug */ = {
			isa = XCBuildConfiguration;
			buildSettings = {
				ALWAYS_SEARCH_USER_PATHS = NO;
				CLANG_ANALYZER_NONNULL = YES;
				CLANG_ANALYZER_NUMBER_OBJECT_CONVERSION = YES_AGGRESSIVE;
				CLANG_CXX_LANGUAGE_STANDARD = "gnu++14";
				CLANG_CXX_LIBRARY = "libc++";
				CLANG_ENABLE_MODULES = YES;
				CLANG_ENABLE_OBJC_ARC = YES;
				CLANG_ENABLE_OBJC_WEAK = YES;
				CLANG_WARN_BLOCK_CAPTURE_AUTORELEASING = YES;
				CLANG_WARN_BOOL_CONVERSION = YES;
				CLANG_WARN_COMMA = YES;
				CLANG_WARN_CONSTANT_CONVERSION = YES;
				CLANG_WARN_DEPRECATED_OBJC_IMPLEMENTATIONS = YES;
				CLANG_WARN_DIRECT_OBJC_ISA_USAGE = YES_ERROR;
				CLANG_WARN_DOCUMENTATION_COMMENTS = YES;
				CLANG_WARN_EMPTY_BODY = YES;
				CLANG_WARN_ENUM_CONVERSION = YES;
				CLANG_WARN_INFINITE_RECURSION = YES;
				CLANG_WARN_INT_CONVERSION = YES;
				CLANG_WARN_NON_LITERAL_NULL_CONVERSION = YES;
				CLANG_WARN_OBJC_IMPLICIT_RETAIN_SELF = YES;
				CLANG_WARN_OBJC_LITERAL_CONVERSION = YES;
				CLANG_WARN_OBJC_ROOT_CLASS = YES_ERROR;
				CLANG_WARN_RANGE_LOOP_ANALYSIS = YES;
				CLANG_WARN_STRICT_PROTOTYPES = YES;
				CLANG_WARN_SUSPICIOUS_MOVE = YES;
				CLANG_WARN_UNGUARDED_AVAILABILITY = YES_AGGRESSIVE;
				CLANG_WARN_UNREACHABLE_CODE = YES;
				CLANG_WARN__DUPLICATE_METHOD_MATCH = YES;
				CODE_SIGN_IDENTITY = "iPhone Developer";
				COPY_PHASE_STRIP = NO;
				DEBUG_INFORMATION_FORMAT = dwarf;
				ENABLE_STRICT_OBJC_MSGSEND = YES;
				ENABLE_TESTABILITY = YES;
				GCC_C_LANGUAGE_STANDARD = gnu11;
				GCC_DYNAMIC_NO_PIC = NO;
				GCC_NO_COMMON_BLOCKS = YES;
				GCC_OPTIMIZATION_LEVEL = 0;
				GCC_PREPROCESSOR_DEFINITIONS = (
					"DEBUG=1",
					"$(inherited)",
				);
				GCC_WARN_64_TO_32_BIT_CONVERSION = YES;
				GCC_WARN_ABOUT_RETURN_TYPE = YES_ERROR;
				GCC_WARN_UNDECLARED_SELECTOR = YES;
				GCC_WARN_UNINITIALIZED_AUTOS = YES_AGGRESSIVE;
				GCC_WARN_UNUSED_FUNCTION = YES;
				GCC_WARN_UNUSED_VARIABLE = YES;
				IPHONEOS_DEPLOYMENT_TARGET = 11.3;
				MTL_ENABLE_DEBUG_INFO = YES;
				ONLY_ACTIVE_ARCH = YES;
				SDKROOT = iphoneos;
				SWIFT_ACTIVE_COMPILATION_CONDITIONS = DEBUG;
				SWIFT_OPTIMIZATION_LEVEL = "-Onone";
			};
			name = Debug;
		};
		EA51BC53208EAFDE00EA8195 /* Release */ = {
			isa = XCBuildConfiguration;
			buildSettings = {
				ALWAYS_SEARCH_USER_PATHS = NO;
				CLANG_ANALYZER_NONNULL = YES;
				CLANG_ANALYZER_NUMBER_OBJECT_CONVERSION = YES_AGGRESSIVE;
				CLANG_CXX_LANGUAGE_STANDARD = "gnu++14";
				CLANG_CXX_LIBRARY = "libc++";
				CLANG_ENABLE_MODULES = YES;
				CLANG_ENABLE_OBJC_ARC = YES;
				CLANG_ENABLE_OBJC_WEAK = YES;
				CLANG_WARN_BLOCK_CAPTURE_AUTORELEASING = YES;
				CLANG_WARN_BOOL_CONVERSION = YES;
				CLANG_WARN_COMMA = YES;
				CLANG_WARN_CONSTANT_CONVERSION = YES;
				CLANG_WARN_DEPRECATED_OBJC_IMPLEMENTATIONS = YES;
				CLANG_WARN_DIRECT_OBJC_ISA_USAGE = YES_ERROR;
				CLANG_WARN_DOCUMENTATION_COMMENTS = YES;
				CLANG_WARN_EMPTY_BODY = YES;
				CLANG_WARN_ENUM_CONVERSION = YES;
				CLANG_WARN_INFINITE_RECURSION = YES;
				CLANG_WARN_INT_CONVERSION = YES;
				CLANG_WARN_NON_LITERAL_NULL_CONVERSION = YES;
				CLANG_WARN_OBJC_IMPLICIT_RETAIN_SELF = YES;
				CLANG_WARN_OBJC_LITERAL_CONVERSION = YES;
				CLANG_WARN_OBJC_ROOT_CLASS = YES_ERROR;
				CLANG_WARN_RANGE_LOOP_ANALYSIS = YES;
				CLANG_WARN_STRICT_PROTOTYPES = YES;
				CLANG_WARN_SUSPICIOUS_MOVE = YES;
				CLANG_WARN_UNGUARDED_AVAILABILITY = YES_AGGRESSIVE;
				CLANG_WARN_UNREACHABLE_CODE = YES;
				CLANG_WARN__DUPLICATE_METHOD_MATCH = YES;
				CODE_SIGN_IDENTITY = "iPhone Developer";
				COPY_PHASE_STRIP = NO;
				DEBUG_INFORMATION_FORMAT = "dwarf-with-dsym";
				ENABLE_NS_ASSERTIONS = NO;
				ENABLE_STRICT_OBJC_MSGSEND = YES;
				GCC_C_LANGUAGE_STANDARD = gnu11;
				GCC_NO_COMMON_BLOCKS = YES;
				GCC_WARN_64_TO_32_BIT_CONVERSION = YES;
				GCC_WARN_ABOUT_RETURN_TYPE = YES_ERROR;
				GCC_WARN_UNDECLARED_SELECTOR = YES;
				GCC_WARN_UNINITIALIZED_AUTOS = YES_AGGRESSIVE;
				GCC_WARN_UNUSED_FUNCTION = YES;
				GCC_WARN_UNUSED_VARIABLE = YES;
				IPHONEOS_DEPLOYMENT_TARGET = 11.3;
				MTL_ENABLE_DEBUG_INFO = NO;
				SDKROOT = iphoneos;
				SWIFT_COMPILATION_MODE = wholemodule;
				SWIFT_OPTIMIZATION_LEVEL = "-O";
				VALIDATE_PRODUCT = YES;
			};
			name = Release;
		};
		EA51BC55208EAFDE00EA8195 /* Debug */ = {
			isa = XCBuildConfiguration;
			buildSettings = {
				ASSETCATALOG_COMPILER_APPICON_NAME = AppIcon;
				CLANG_ENABLE_MODULES = YES;
				CODE_SIGN_STYLE = Automatic;
				DEVELOPMENT_TEAM = 9T6YX78SU9;
				INFOPLIST_FILE = LuisLopes_LeandroSilva/Info.plist;
				IPHONEOS_DEPLOYMENT_TARGET = 10.1;
				LD_RUNPATH_SEARCH_PATHS = (
					"$(inherited)",
					"@executable_path/Frameworks",
				);
				PRODUCT_BUNDLE_IDENTIFIER = "lravanelli.com.br.LuisLopes-LeandroSilva";
				PRODUCT_NAME = "$(TARGET_NAME)";
				SWIFT_OPTIMIZATION_LEVEL = "-Onone";
				SWIFT_VERSION = 4.0;
				TARGETED_DEVICE_FAMILY = 1;
			};
			name = Debug;
		};
		EA51BC56208EAFDE00EA8195 /* Release */ = {
			isa = XCBuildConfiguration;
			buildSettings = {
				ASSETCATALOG_COMPILER_APPICON_NAME = AppIcon;
				CLANG_ENABLE_MODULES = YES;
				CODE_SIGN_STYLE = Automatic;
				DEVELOPMENT_TEAM = 9T6YX78SU9;
				INFOPLIST_FILE = LuisLopes_LeandroSilva/Info.plist;
				IPHONEOS_DEPLOYMENT_TARGET = 10.1;
				LD_RUNPATH_SEARCH_PATHS = (
					"$(inherited)",
					"@executable_path/Frameworks",
				);
				PRODUCT_BUNDLE_IDENTIFIER = "lravanelli.com.br.LuisLopes-LeandroSilva";
				PRODUCT_NAME = "$(TARGET_NAME)";
				SWIFT_VERSION = 4.0;
				TARGETED_DEVICE_FAMILY = 1;
			};
			name = Release;
		};
/* End XCBuildConfiguration section */

/* Begin XCConfigurationList section */
		EA51BC3D208EAFDD00EA8195 /* Build configuration list for PBXProject "LuisLopes_LeandroSilva" */ = {
			isa = XCConfigurationList;
			buildConfigurations = (
				EA51BC52208EAFDE00EA8195 /* Debug */,
				EA51BC53208EAFDE00EA8195 /* Release */,
			);
			defaultConfigurationIsVisible = 0;
			defaultConfigurationName = Release;
		};
		EA51BC54208EAFDE00EA8195 /* Build configuration list for PBXNativeTarget "LuisLopes_LeandroSilva" */ = {
			isa = XCConfigurationList;
			buildConfigurations = (
				EA51BC55208EAFDE00EA8195 /* Debug */,
				EA51BC56208EAFDE00EA8195 /* Release */,
			);
			defaultConfigurationIsVisible = 0;
			defaultConfigurationName = Release;
		};
/* End XCConfigurationList section */

/* Begin XCVersionGroup section */
		EA51BC70208EB13200EA8195 /* ComprasUSA.xcdatamodeld */ = {
			isa = XCVersionGroup;
			children = (
				EA51BC71208EB13200EA8195 /* ComprasUSA.xcdatamodel */,
			);
			currentVersion = EA51BC71208EB13200EA8195 /* ComprasUSA.xcdatamodel */;
			path = ComprasUSA.xcdatamodeld;
			sourceTree = "<group>";
			versionGroupType = wrapper.xcdatamodel;
		};
/* End XCVersionGroup section */
	};
	rootObject = EA51BC3A208EAFDD00EA8195 /* Project object */;
}
